[[package]]
category = "main"
description = "The Cython compiler for writing C extensions for the Python language."
name = "cython"
optional = false
python-versions = ">=2.6, !=3.0.*, !=3.1.*, !=3.2.*"
version = "0.29.15"

[[package]]
category = "main"
description = "NumPy is the fundamental package for array computing with Python."
name = "numpy"
optional = false
python-versions = ">=3.5"
version = "1.18.1"

[[package]]
category = "main"
description = "Wrapper package for OpenCV python bindings."
name = "opencv-python"
optional = false
python-versions = "*"
version = "4.2.0.32"

[package.dependencies]
numpy = ">=1.11.1"

[[package]]
category = "main"
description = "Python Imaging Library (Fork)"
name = "pillow"
optional = false
python-versions = ">=3.5"
version = "7.0.0"

[[package]]
category = "main"
description = "Python 2 and 3 compatibility utilities"
name = "six"
optional = false
python-versions = ">=2.7, !=3.0.*, !=3.1.*, !=3.2.*"
version = "1.14.0"

[[package]]
category = "main"
description = "Tensors and Dynamic neural networks in Python with strong GPU acceleration"
name = "torch"
optional = false
python-versions = ">=2.7, !=3.0.*, !=3.1.*, !=3.2.*, !=3.3.*, !=3.4.*"
version = "1.4.0"

[[package]]
category = "main"
description = "image and video datasets and models for torch deep learning"
name = "torchvision"
optional = false
python-versions = "*"
version = "0.5.0"

[package.dependencies]
numpy = "*"
pillow = ">=4.1.1"
six = "*"
torch = "1.4.0"

[package.extras]
scipy = ["scipy"]

[metadata]
content-hash = "7c730785e24c4ca4db56fa9c3584a23a17b9fb7bcedc7534afcb923a792b2ba7"
python-versions = "^3.7"

[metadata.files]
cython = [
    {file = "Cython-0.29.15-cp27-cp27m-macosx_10_9_x86_64.whl", hash = "sha256:1dc973bdea03c65f03f41517e4f0fc2b717d71cfbcf4ec34adac7e5bee71303e"},
    {file = "Cython-0.29.15-cp27-cp27m-manylinux1_i686.whl", hash = "sha256:214a53257c100e93e7673e95ab448d287a37626a3902e498025993cc633647ae"},
    {file = "Cython-0.29.15-cp27-cp27m-manylinux1_x86_64.whl", hash = "sha256:9a5f0cf8b95c0c058e413679a650f70dcc97764ccb2a6d5ccc6b08d44c9b334c"},
    {file = "Cython-0.29.15-cp27-cp27m-win32.whl", hash = "sha256:61e505379497b624d6316dd67ef8100aaadca0451f48f8c6fff8d622281cd121"},
    {file = "Cython-0.29.15-cp27-cp27m-win_amd64.whl", hash = "sha256:30462d61e7e290229a64e1c3682b4cc758ffc441e59cc6ce6fae059a05df305b"},
    {file = "Cython-0.29.15-cp27-cp27mu-manylinux1_i686.whl", hash = "sha256:6f6de0bee19c70cb01e519634f0c35770de623006e4876e649ee4a960a147fec"},
    {file = "Cython-0.29.15-cp27-cp27mu-manylinux1_x86_64.whl", hash = "sha256:c3d778304209cc39f8287da22f2180f34d2c2ee46cd55abd82e48178841b37b1"},
    {file = "Cython-0.29.15-cp34-cp34m-manylinux1_i686.whl", hash = "sha256:34c888a57f419c63bef63bc0911c5bb407b93ed5d6bdeb1587dca2cd1dd56ad1"},
    {file = "Cython-0.29.15-cp34-cp34m-manylinux1_x86_64.whl", hash = "sha256:ea3b61bff995de49b07331d1081e0056ea29901d3e995aa989073fe2b1be0cb7"},
    {file = "Cython-0.29.15-cp34-cp34m-win32.whl", hash = "sha256:9f2839396d21d5537bc9ff53772d44db39b0efb6bf8b6cac709170483df53a5b"},
    {file = "Cython-0.29.15-cp34-cp34m-win_amd64.whl", hash = "sha256:f91b16e73eca996f86d1943be3b2c2b679b03e068ed8c82a5506c1e65766e4a6"},
    {file = "Cython-0.29.15-cp35-cp35m-manylinux1_i686.whl", hash = "sha256:ea5f987b4da530822fa797cf2f010193be77ea9e232d07454e3194531edd8e58"},
    {file = "Cython-0.29.15-cp35-cp35m-manylinux1_x86_64.whl", hash = "sha256:34004f60b1e79033b0ca29b9ab53a86c12bcaab56648b82fbe21c007cd73d867"},
    {file = "Cython-0.29.15-cp35-cp35m-win32.whl", hash = "sha256:d282b030ed5c736e4cdb1713a0c4fad7027f4e3959dc4b8fdb7c75042d83ed1b"},
    {file = "Cython-0.29.15-cp35-cp35m-win_amd64.whl", hash = "sha256:bb6d90180eff72fc5a30099c442b8b0b5a620e84bf03ef32a55e3f7bd543f32e"},
    {file = "Cython-0.29.15-cp36-cp36m-macosx_10_9_x86_64.whl", hash = "sha256:b8ba4b4ee3addc26bc595a51b6240b05a80e254b946d624fff6506439bc323d1"},
    {file = "Cython-0.29.15-cp36-cp36m-manylinux1_i686.whl", hash = "sha256:77ac051b7caf02938a32ea0925f558534ab2a99c0c98c681cc905e3e8cba506e"},
    {file = "Cython-0.29.15-cp36-cp36m-manylinux1_x86_64.whl", hash = "sha256:d8c73fe0ec57a0e4fdf5d2728b5e18b63980f55f1baf51b6bac6a73e8cbb7186"},
    {file = "Cython-0.29.15-cp36-cp36m-win32.whl", hash = "sha256:d114f9c0164df8fcd2880e4ba96986d7b0e7218f6984acc4989ff384c5d3d512"},
    {file = "Cython-0.29.15-cp36-cp36m-win_amd64.whl", hash = "sha256:4e5acf3b856a50d0aaf385f06a7b56a128a296322a9740f5f279c96619244308"},
    {file = "Cython-0.29.15-cp37-cp37m-macosx_10_9_x86_64.whl", hash = "sha256:3dd0cba13b36ff969232930bd6db08d3da0798f1fac376bd1fa4458f4b55d802"},
    {file = "Cython-0.29.15-cp37-cp37m-manylinux1_i686.whl", hash = "sha256:c562bc316040097e21357e783286e5eca056a5b2750e89d9d75f9541c156b6dc"},
    {file = "Cython-0.29.15-cp37-cp37m-manylinux1_x86_64.whl", hash = "sha256:e7f1dcc0e8c3e18fa2fddca4aecdf71c5651555a8dc9a0cd3a1d164cbce6cb35"},
    {file = "Cython-0.29.15-cp37-cp37m-win32.whl", hash = "sha256:7e4d74515d92c4e2be7201aaef7a51705bd3d5957df4994ddfe1b252195b5e27"},
    {file = "Cython-0.29.15-cp37-cp37m-win_amd64.whl", hash = "sha256:0e078e793a9882bf48194b8b5c9b40c75769db1859cd90b210a4d7bf33cda2b1"},
    {file = "Cython-0.29.15-cp38-cp38-macosx_10_9_x86_64.whl", hash = "sha256:01d566750e7c08e5f094419f8d1ee90e7fa286d8d77c4569748263ed5f05280a"},
    {file = "Cython-0.29.15-cp38-cp38-manylinux1_i686.whl", hash = "sha256:1a3842be21d1e25b7f3440a0c881ef44161937273ea386c30c0e253e30c63740"},
    {file = "Cython-0.29.15-cp38-cp38-manylinux1_x86_64.whl", hash = "sha256:072cb90e2fe4b5cc27d56de12ec5a00311eee781c2d2e3f7c98a82319103c7ed"},
    {file = "Cython-0.29.15-cp38-cp38-win32.whl", hash = "sha256:993837bbf0849e3b176e1ef6a50e9b8c2225e895501b85d56f4bb65a67f5ea25"},
    {file = "Cython-0.29.15-cp38-cp38-win_amd64.whl", hash = "sha256:e5c8f4198e25bc4b0e4a884377e0c0e46ca273993679e3bcc212ef96d4211b83"},
    {file = "Cython-0.29.15-py2.py3-none-any.whl", hash = "sha256:7ea18a5c87cacdd6e4feacf8badf13643775b6f69c3aa8b50417834b9ce0e627"},
    {file = "Cython-0.29.15.tar.gz", hash = "sha256:60d859e1efa5cc80436d58aecd3718ff2e74b987db0518376046adedba97ac30"},
]
numpy = [
    {file = "numpy-1.18.1-cp35-cp35m-macosx_10_6_intel.whl", hash = "sha256:20b26aaa5b3da029942cdcce719b363dbe58696ad182aff0e5dcb1687ec946dc"},
    {file = "numpy-1.18.1-cp35-cp35m-manylinux1_i686.whl", hash = "sha256:70a840a26f4e61defa7bdf811d7498a284ced303dfbc35acb7be12a39b2aa121"},
    {file = "numpy-1.18.1-cp35-cp35m-manylinux1_x86_64.whl", hash = "sha256:17aa7a81fe7599a10f2b7d95856dc5cf84a4eefa45bc96123cbbc3ebc568994e"},
    {file = "numpy-1.18.1-cp35-cp35m-win32.whl", hash = "sha256:f3d0a94ad151870978fb93538e95411c83899c9dc63e6fb65542f769568ecfa5"},
    {file = "numpy-1.18.1-cp35-cp35m-win_amd64.whl", hash = "sha256:1786a08236f2c92ae0e70423c45e1e62788ed33028f94ca99c4df03f5be6b3c6"},
    {file = "numpy-1.18.1-cp36-cp36m-macosx_10_9_x86_64.whl", hash = "sha256:ae0975f42ab1f28364dcda3dde3cf6c1ddab3e1d4b2909da0cb0191fa9ca0480"},
    {file = "numpy-1.18.1-cp36-cp36m-manylinux1_i686.whl", hash = "sha256:cf7eb6b1025d3e169989416b1adcd676624c2dbed9e3bcb7137f51bfc8cc2572"},
    {file = "numpy-1.18.1-cp36-cp36m-manylinux1_x86_64.whl", hash = "sha256:b765ed3930b92812aa698a455847141869ef755a87e099fddd4ccf9d81fffb57"},
    {file = "numpy-1.18.1-cp36-cp36m-win32.whl", hash = "sha256:2d75908ab3ced4223ccba595b48e538afa5ecc37405923d1fea6906d7c3a50bc"},
    {file = "numpy-1.18.1-cp36-cp36m-win_amd64.whl", hash = "sha256:9acdf933c1fd263c513a2df3dceecea6f3ff4419d80bf238510976bf9bcb26cd"},
    {file = "numpy-1.18.1-cp37-cp37m-macosx_10_9_x86_64.whl", hash = "sha256:56bc8ded6fcd9adea90f65377438f9fea8c05fcf7c5ba766bef258d0da1554aa"},
    {file = "numpy-1.18.1-cp37-cp37m-manylinux1_i686.whl", hash = "sha256:e422c3152921cece8b6a2fb6b0b4d73b6579bd20ae075e7d15143e711f3ca2ca"},
    {file = "numpy-1.18.1-cp37-cp37m-manylinux1_x86_64.whl", hash = "sha256:b3af02ecc999c8003e538e60c89a2b37646b39b688d4e44d7373e11c2debabec"},
    {file = "numpy-1.18.1-cp37-cp37m-win32.whl", hash = "sha256:d92350c22b150c1cae7ebb0ee8b5670cc84848f6359cf6b5d8f86617098a9b73"},
    {file = "numpy-1.18.1-cp37-cp37m-win_amd64.whl", hash = "sha256:77c3bfe65d8560487052ad55c6998a04b654c2fbc36d546aef2b2e511e760971"},
    {file = "numpy-1.18.1-cp38-cp38-macosx_10_9_x86_64.whl", hash = "sha256:c98c5ffd7d41611407a1103ae11c8b634ad6a43606eca3e2a5a269e5d6e8eb07"},
    {file = "numpy-1.18.1-cp38-cp38-manylinux1_i686.whl", hash = "sha256:9537eecf179f566fd1c160a2e912ca0b8e02d773af0a7a1120ad4f7507cd0d26"},
    {file = "numpy-1.18.1-cp38-cp38-manylinux1_x86_64.whl", hash = "sha256:e840f552a509e3380b0f0ec977e8124d0dc34dc0e68289ca28f4d7c1d0d79474"},
    {file = "numpy-1.18.1-cp38-cp38-win32.whl", hash = "sha256:590355aeade1a2eaba17617c19edccb7db8d78760175256e3cf94590a1a964f3"},
    {file = "numpy-1.18.1-cp38-cp38-win_amd64.whl", hash = "sha256:39d2c685af15d3ce682c99ce5925cc66efc824652e10990d2462dfe9b8918c6a"},
    {file = "numpy-1.18.1.zip", hash = "sha256:b6ff59cee96b454516e47e7721098e6ceebef435e3e21ac2d6c3b8b02628eb77"},
]
opencv-python = [
    {file = "opencv_python-4.2.0.32-cp27-cp27m-macosx_10_9_x86_64.whl", hash = "sha256:9cd9bd72f4a9743ef6f11f0f96784bd215a542e996db1717d4c2d3d03eb81a1b"},
    {file = "opencv_python-4.2.0.32-cp27-cp27m-manylinux1_i686.whl", hash = "sha256:68c1c846dd267cd7e293d3fc0bb238db0a744aa1f2e721e327598f00cb982098"},
    {file = "opencv_python-4.2.0.32-cp27-cp27m-manylinux1_x86_64.whl", hash = "sha256:a2b08aec2eacae868723136383d9eb84a33062a7a7ec5ec3bd2c423bd1355946"},
    {file = "opencv_python-4.2.0.32-cp27-cp27m-win32.whl", hash = "sha256:afbc81a3870739610a9f9a1197374d6a45892cf1933c90fc5617d39790991ed3"},
    {file = "opencv_python-4.2.0.32-cp27-cp27m-win_amd64.whl", hash = "sha256:e36a8857be2c849e54009f1bee25e8c34fbc683fcd38c6c700af4cba5f8d57c2"},
    {file = "opencv_python-4.2.0.32-cp27-cp27mu-manylinux1_i686.whl", hash = "sha256:2baf1213ae2fd678991f905d7b2b94eddfdfb5f75757db0f0b31eebd48ca200d"},
    {file = "opencv_python-4.2.0.32-cp27-cp27mu-manylinux1_x86_64.whl", hash = "sha256:db1d49b753e6e6c76585f21d09c7e9812176732baa9bddb64bc2fc6cd24d4179"},
    {file = "opencv_python-4.2.0.32-cp35-cp35m-macosx_10_9_x86_64.whl", hash = "sha256:eae3da9231d87980f8082d181c276a04f7a6fdac130cebd467390b96dd05f944"},
    {file = "opencv_python-4.2.0.32-cp35-cp35m-manylinux1_i686.whl", hash = "sha256:8c76983c9ec3e4cf3a4c1d172ec4285332d9fb1c7194d724aff0c518437471ee"},
    {file = "opencv_python-4.2.0.32-cp35-cp35m-manylinux1_x86_64.whl", hash = "sha256:8002959146ed21959e3118c60c8e94ceac02eea15b691da6c62cff4787c63f7f"},
    {file = "opencv_python-4.2.0.32-cp35-cp35m-win32.whl", hash = "sha256:a1a5517301dc8d56243a14253d231ec755b94486b4fff2ae68269bc941bb1f2e"},
    {file = "opencv_python-4.2.0.32-cp35-cp35m-win_amd64.whl", hash = "sha256:889eef049d38488b5b4646c48a831feed37c0fd44f3d83c05cff80f4baded145"},
    {file = "opencv_python-4.2.0.32-cp36-cp36m-macosx_10_9_x86_64.whl", hash = "sha256:703910aaa1dcd25a412f78a190fb7a352d9a64ee7d9a35566d786f3cc66ebf20"},
    {file = "opencv_python-4.2.0.32-cp36-cp36m-manylinux1_i686.whl", hash = "sha256:32384e675f7cefe707cac40a95eeb142d6869065e39c5500374116297cd8ca6d"},
    {file = "opencv_python-4.2.0.32-cp36-cp36m-manylinux1_x86_64.whl", hash = "sha256:f01a87a015227d8af407161eb48222fc3c8b01661cdc841e2b86eee4f1a7a417"},
    {file = "opencv_python-4.2.0.32-cp36-cp36m-win32.whl", hash = "sha256:e699232fd033ef0053efec2cba0a7505514f374ba7b18c732a77cb5304311ef9"},
    {file = "opencv_python-4.2.0.32-cp36-cp36m-win_amd64.whl", hash = "sha256:a8529a79233f3581a66984acd16bce52ab0163f6f77568dd69e9ee4956d2e1db"},
    {file = "opencv_python-4.2.0.32-cp37-cp37m-macosx_10_9_x86_64.whl", hash = "sha256:312dda54c7e809c20d7409418060ae0e9cdbe82975e7ced429eb3c234ffc0d4a"},
    {file = "opencv_python-4.2.0.32-cp37-cp37m-manylinux1_i686.whl", hash = "sha256:167a6aff9bd124a3a67e0ec25d0da5ecdc8d96a56405e3e5e7d586c4105eb1bb"},
    {file = "opencv_python-4.2.0.32-cp37-cp37m-manylinux1_x86_64.whl", hash = "sha256:baeb5dd8b21c718580687f5b4efd03f8139b1c56239cdf6b9805c6946e80f268"},
    {file = "opencv_python-4.2.0.32-cp37-cp37m-win32.whl", hash = "sha256:0f2e739c582e8c5e432130648bc6d66a56bc65f4cd9ff0bc7033033d2130c7a3"},
    {file = "opencv_python-4.2.0.32-cp37-cp37m-win_amd64.whl", hash = "sha256:ee6814c94dbf1cae569302afef9dd29efafc52373e8770ded0db549a3b6e0c00"},
    {file = "opencv_python-4.2.0.32-cp38-cp38-macosx_10_9_x86_64.whl", hash = "sha256:0f3d159ad6cb9cbd188c726f87485f0799a067a0a15f34c25d7b5c8db3cb2e50"},
    {file = "opencv_python-4.2.0.32-cp38-cp38-manylinux1_i686.whl", hash = "sha256:6841bb9cc24751dbdf94e7eefc4e6d70ec297952501954471299fd12ab67391c"},
    {file = "opencv_python-4.2.0.32-cp38-cp38-manylinux1_x86_64.whl", hash = "sha256:1b90d50bc7a31e9573a8da1b80fcd1e4d9c86c0e5f76387858e1b87eb8b0332b"},
    {file = "opencv_python-4.2.0.32-cp38-cp38-win32.whl", hash = "sha256:e242ed419aeb2488e0f9ee6410a34917f0f8d62b3ae96aa3170d83bae75004e2"},
    {file = "opencv_python-4.2.0.32-cp38-cp38-win_amd64.whl", hash = "sha256:5c50634dd8f2f866fd99fd939292ce10e52bef82804ebc4e7f915221c3b7e951"},
]
pillow = [
    {file = "Pillow-7.0.0-cp35-cp35m-macosx_10_6_intel.whl", hash = "sha256:5f3546ceb08089cedb9e8ff7e3f6a7042bb5b37c2a95d392fb027c3e53a2da00"},
    {file = "Pillow-7.0.0-cp35-cp35m-manylinux1_i686.whl", hash = "sha256:9d2ba4ed13af381233e2d810ff3bab84ef9f18430a9b336ab69eaf3cd24299ff"},
    {file = "Pillow-7.0.0-cp35-cp35m-manylinux1_x86_64.whl", hash = "sha256:ff3797f2f16bf9d17d53257612da84dd0758db33935777149b3334c01ff68865"},
    {file = "Pillow-7.0.0-cp35-cp35m-win32.whl", hash = "sha256:c18f70dc27cc5d236f10e7834236aff60aadc71346a5bc1f4f83a4b3abee6386"},
    {file = "Pillow-7.0.0-cp35-cp35m-win_amd64.whl", hash = "sha256:875358310ed7abd5320f21dd97351d62de4929b0426cdb1eaa904b64ac36b435"},
    {file = "Pillow-7.0.0-cp36-cp36m-macosx_10_6_intel.whl", hash = "sha256:ab76e5580b0ed647a8d8d2d2daee170e8e9f8aad225ede314f684e297e3643c2"},
    {file = "Pillow-7.0.0-cp36-cp36m-manylinux1_i686.whl", hash = "sha256:a62ec5e13e227399be73303ff301f2865bf68657d15ea50b038d25fc41097317"},
    {file = "Pillow-7.0.0-cp36-cp36m-manylinux1_x86_64.whl", hash = "sha256:8ac6ce7ff3892e5deaab7abaec763538ffd011f74dc1801d93d3c5fc541feee2"},
    {file = "Pillow-7.0.0-cp36-cp36m-win32.whl", hash = "sha256:91b710e3353aea6fc758cdb7136d9bbdcb26b53cefe43e2cba953ac3ee1d3313"},
    {file = "Pillow-7.0.0-cp36-cp36m-win_amd64.whl", hash = "sha256:bf598d2e37cf8edb1a2f26ed3fb255191f5232badea4003c16301cb94ac5bdd0"},
    {file = "Pillow-7.0.0-cp37-cp37m-macosx_10_6_intel.whl", hash = "sha256:5bfef0b1cdde9f33881c913af14e43db69815c7e8df429ceda4c70a5e529210f"},
    {file = "Pillow-7.0.0-cp37-cp37m-manylinux1_i686.whl", hash = "sha256:dc058b7833184970d1248135b8b0ab702e6daa833be14035179f2acb78ff5636"},
    {file = "Pillow-7.0.0-cp37-cp37m-manylinux1_x86_64.whl", hash = "sha256:c5ed816632204a2fc9486d784d8e0d0ae754347aba99c811458d69fcdfd2a2f9"},
    {file = "Pillow-7.0.0-cp37-cp37m-win32.whl", hash = "sha256:54ebae163e8412aff0b9df1e88adab65788f5f5b58e625dc5c7f51eaf14a6837"},
    {file = "Pillow-7.0.0-cp37-cp37m-win_amd64.whl", hash = "sha256:87269cc6ce1e3dee11f23fa515e4249ae678dbbe2704598a51cee76c52e19cda"},
    {file = "Pillow-7.0.0-cp38-cp38-macosx_10_9_x86_64.whl", hash = "sha256:0a628977ac2e01ca96aaae247ec2bd38e729631ddf2221b4b715446fd45505be"},
    {file = "Pillow-7.0.0-cp38-cp38-manylinux1_i686.whl", hash = "sha256:62a889aeb0a79e50ecf5af272e9e3c164148f4bd9636cc6bcfa182a52c8b0533"},
    {file = "Pillow-7.0.0-cp38-cp38-manylinux1_x86_64.whl", hash = "sha256:bf4003aa538af3f4205c5fac56eacaa67a6dd81e454ffd9e9f055fff9f1bc614"},
    {file = "Pillow-7.0.0-cp38-cp38-win32.whl", hash = "sha256:7406f5a9b2fd966e79e6abdaf700585a4522e98d6559ce37fc52e5c955fade0a"},
    {file = "Pillow-7.0.0-cp38-cp38-win_amd64.whl", hash = "sha256:5f7ae9126d16194f114435ebb79cc536b5682002a4fa57fa7bb2cbcde65f2f4d"},
    {file = "Pillow-7.0.0-pp373-pypy36_pp73-win32.whl", hash = "sha256:8453f914f4e5a3d828281a6628cf517832abfa13ff50679a4848926dac7c0358"},
    {file = "Pillow-7.0.0.tar.gz", hash = "sha256:4d9ed9a64095e031435af120d3c910148067087541131e82b3e8db302f4c8946"},
]
six = [
    {file = "six-1.14.0-py2.py3-none-any.whl", hash = "sha256:8f3cd2e254d8f793e7f3d6d9df77b92252b52637291d0f0da013c76ea2724b6c"},
    {file = "six-1.14.0.tar.gz", hash = "sha256:236bdbdce46e6e6a3d61a337c0f8b763ca1e8717c03b369e87a7ec7ce1319c0a"},
]
torch = [
    {file = "torch-1.4.0-cp27-cp27m-manylinux1_x86_64.whl", hash = "sha256:271d4d1e44df6ed57c530f8849b028447c62b8a19b8e8740dd9baa56e7f682c1"},
    {file = "torch-1.4.0-cp27-cp27mu-manylinux1_x86_64.whl", hash = "sha256:6f2fd9eb8c7eaf38a982ab266dbbfba0f29fb643bc74e677d045d6f2595e4692"},
    {file = "torch-1.4.0-cp27-none-macosx_10_7_x86_64.whl", hash = "sha256:30ce089475b287a37d6fbb8d71853e672edaf66699e3dd2eb19be6ce6296732a"},
    {file = "torch-1.4.0-cp35-cp35m-manylinux1_x86_64.whl", hash = "sha256:54d06a0e8ee85e5a437c24f4af9f4196c819294c23ffb5914e177756f55f1829"},
    {file = "torch-1.4.0-cp35-none-macosx_10_6_x86_64.whl", hash = "sha256:bb1e87063661414e1149bef2e3a2499ce0b5060290799d7e26bc5578037075ba"},
    {file = "torch-1.4.0-cp36-cp36m-manylinux1_x86_64.whl", hash = "sha256:8856f334aa9ecb742c1504bd2563d0ffb8dceb97149c8d72a04afa357f667dbc"},
    {file = "torch-1.4.0-cp36-none-macosx_10_9_x86_64.whl", hash = "sha256:9a1b1db73d8dcfd94b2eee24b939368742aa85f1217c55b8f5681e76c581e99a"},
    {file = "torch-1.4.0-cp37-cp37m-manylinux1_x86_64.whl", hash = "sha256:8fff03bf7b474c16e4b50da65ea14200cc64553b67b9b2307f9dc7e8c69b9d28"},
    {file = "torch-1.4.0-cp37-none-macosx_10_9_x86_64.whl", hash = "sha256:405b9eb40e44037d2525b3ddb5bc4c66b519cd742bff249d4207d23f83e88ea5"},
    {file = "torch-1.4.0-cp38-cp38-manylinux1_x86_64.whl", hash = "sha256:504915c6bc6051ba6a4c2a43c446463dff04411e352f1e26fe13debeae431778"},
    {file = "torch-1.4.0-cp38-none-macosx_10_9_x86_64.whl", hash = "sha256:d7b34a78f021935ad727a3bede56a8a8d4fda0b0272314a04c5f6890bbe7bb29"},
]
torchvision = [
    {file = "torchvision-0.5.0-cp27-cp27m-macosx_10_7_x86_64.whl", hash = "sha256:35e9483858cf8a38debc647c74741605c5c12448d314aa96961082380aadf7e5"},
    {file = "torchvision-0.5.0-cp27-cp27m-manylinux1_x86_64.whl", hash = "sha256:323500d349d8d91ce2662de41212e8eb1845c68dbf5d4f215ca1e94c7f20723b"},
    {file = "torchvision-0.5.0-cp27-cp27mu-manylinux1_x86_64.whl", hash = "sha256:ec7e4cd54f5ff3a889b90f24b33da1fa9fe3f78d17348965678d9503de1e4a49"},
    {file = "torchvision-0.5.0-cp35-cp35m-macosx_10_6_x86_64.whl", hash = "sha256:4dd05cbc497210928ae3d4d6194561985263c879c3554e9f1823a0fa43d35746"},
    {file = "torchvision-0.5.0-cp35-cp35m-manylinux1_x86_64.whl", hash = "sha256:9e85ba17ff93a0cf6afd39b9a0ad56ca7321db4f1eb90d2034d3b0ecd79be47b"},
    {file = "torchvision-0.5.0-cp35-cp35m-win_amd64.whl", hash = "sha256:2bf1dc1e16c73c5810d96e4ea463e61129e890100740cd57724413a84d301e41"},
    {file = "torchvision-0.5.0-cp36-cp36m-macosx_10_9_x86_64.whl", hash = "sha256:358967343eaba74fd748a87f40ea75ca23757e947dbef9a11cd53414d707f793"},
    {file = "torchvision-0.5.0-cp36-cp36m-manylinux1_x86_64.whl", hash = "sha256:fea3d431bf639c0719afff5972eb568ebe143eba447c1c8bb491c7dfb0025ed6"},
    {file = "torchvision-0.5.0-cp36-cp36m-win_amd64.whl", hash = "sha256:1a68d3d98e074d995f3d42a492cca716b0d94605a6fadddf0ce9665425968669"},
    {file = "torchvision-0.5.0-cp37-cp37m-macosx_10_9_x86_64.whl", hash = "sha256:1af6d7b0a515d2a83fe9b6e7969b57ba94ba87a3333e7ed707324a5be1ef5f60"},
    {file = "torchvision-0.5.0-cp37-cp37m-manylinux1_x86_64.whl", hash = "sha256:a696ec5009eb52356508eb9b23ddb977043fb82ff7b204459e4c81aca1e5affe"},
    {file = "torchvision-0.5.0-cp37-cp37m-win_amd64.whl", hash = "sha256:0ca9cae9ddf1784737493e201aa9411abe62a4479b2e67d1d51b4b7acf16f6eb"},
    {file = "torchvision-0.5.0-cp38-cp38-macosx_10_9_x86_64.whl", hash = "sha256:517425af7d41b64caae0f5d9e6b14eeb48d6e62d45f302b73a11a9ec5ee3b6c8"},
    {file = "torchvision-0.5.0-cp38-cp38-manylinux1_x86_64.whl", hash = "sha256:aa4354d339de2c5ea2633a6c94294c68bae3e42a4b099624299e2a50c9e97a85"},
    {file = "torchvision-0.5.0-cp38-cp38-win_amd64.whl", hash = "sha256:78d455a1da7d10bd38f2e2a0d2ac285e4845c9e7e28aafdf068472cc96bd156b"},
]
